// !$*UTF8*$!
{
	archiveVersion = 1;
	classes = {
	};
	objectVersion = 46;
	objects = {

/* Begin PBXBuildFile section */
		E4008BB21DB718CE0017246F /* Picture+CoreDataClass.m in Sources */ = {isa = PBXBuildFile; fileRef = E4008BAB1DB718CE0017246F /* Picture+CoreDataClass.m */; };
		E4008BB31DB718CE0017246F /* Picture+CoreDataProperties.m in Sources */ = {isa = PBXBuildFile; fileRef = E4008BAD1DB718CE0017246F /* Picture+CoreDataProperties.m */; };
		E4008BB41DB718CE0017246F /* PictureGroup+CoreDataClass.m in Sources */ = {isa = PBXBuildFile; fileRef = E4008BAF1DB718CE0017246F /* PictureGroup+CoreDataClass.m */; };
		E4008BB51DB718CE0017246F /* PictureGroup+CoreDataProperties.m in Sources */ = {isa = PBXBuildFile; fileRef = E4008BB11DB718CE0017246F /* PictureGroup+CoreDataProperties.m */; };
		E403922A1DBF3FFC0063D541 /* PictureGroupEntity.m in Sources */ = {isa = PBXBuildFile; fileRef = E40392291DBF3FFC0063D541 /* PictureGroupEntity.m */; };
		E403922E1DBF49220063D541 /* PictureEntity.m in Sources */ = {isa = PBXBuildFile; fileRef = E403922D1DBF49220063D541 /* PictureEntity.m */; };
		E40EC4481DAA21980032506E /* main.m in Sources */ = {isa = PBXBuildFile; fileRef = E40EC4471DAA21980032506E /* main.m */; };
		E40EC44B1DAA21980032506E /* AppDelegate.m in Sources */ = {isa = PBXBuildFile; fileRef = E40EC44A1DAA21980032506E /* AppDelegate.m */; };
		E40EC44E1DAA21980032506E /* HXCalculatorViewController.m in Sources */ = {isa = PBXBuildFile; fileRef = E40EC44D1DAA21980032506E /* HXCalculatorViewController.m */; };
		E42AE8611DAB62CB00EB29C3 /* HXCalculatorKeyboardView.m in Sources */ = {isa = PBXBuildFile; fileRef = E42AE8601DAB62CB00EB29C3 /* HXCalculatorKeyboardView.m */; };
		E4509B881DAF27F300B57E92 /* HXPictureGroupListViewController.m in Sources */ = {isa = PBXBuildFile; fileRef = E4509B841DAF27F300B57E92 /* HXPictureGroupListViewController.m */; };
		E47D13161DB4676200BA1040 /* BaseCollectionViewCell.m in Sources */ = {isa = PBXBuildFile; fileRef = E47D12FD1DB4676200BA1040 /* BaseCollectionViewCell.m */; };
		E47D13171DB4676200BA1040 /* BaseCollectionViewController.mm in Sources */ = {isa = PBXBuildFile; fileRef = E47D12FF1DB4676200BA1040 /* BaseCollectionViewController.mm */; };
		E47D13181DB4676200BA1040 /* BaseNavigationController.m in Sources */ = {isa = PBXBuildFile; fileRef = E47D13011DB4676200BA1040 /* BaseNavigationController.m */; };
		E47D13191DB4676200BA1040 /* BaseTabBarController.mm in Sources */ = {isa = PBXBuildFile; fileRef = E47D13031DB4676200BA1040 /* BaseTabBarController.mm */; };
		E47D131A1DB4676200BA1040 /* BaseTableViewCell.m in Sources */ = {isa = PBXBuildFile; fileRef = E47D13051DB4676200BA1040 /* BaseTableViewCell.m */; };
		E47D131B1DB4676200BA1040 /* BaseTableViewController.mm in Sources */ = {isa = PBXBuildFile; fileRef = E47D13071DB4676200BA1040 /* BaseTableViewController.mm */; };
		E47D131C1DB4676200BA1040 /* BaseViewController.mm in Sources */ = {isa = PBXBuildFile; fileRef = E47D13091DB4676200BA1040 /* BaseViewController.mm */; };
		E47D131D1DB4676200BA1040 /* NSString+Extension.m in Sources */ = {isa = PBXBuildFile; fileRef = E47D130E1DB4676200BA1040 /* NSString+Extension.m */; };
		E47D131E1DB4676200BA1040 /* UIImage+Extension.m in Sources */ = {isa = PBXBuildFile; fileRef = E47D13101DB4676200BA1040 /* UIImage+Extension.m */; };
		E47D131F1DB4676200BA1040 /* UIView+Helpers.m in Sources */ = {isa = PBXBuildFile; fileRef = E47D13121DB4676200BA1040 /* UIView+Helpers.m */; };
		E47D13201DB4676200BA1040 /* AssetHelper.m in Sources */ = {isa = PBXBuildFile; fileRef = E47D13151DB4676200BA1040 /* AssetHelper.m */; };
		E4861FA71DDC2DB700C09BED /* HXAddAlbumCategoryViewController.m in Sources */ = {isa = PBXBuildFile; fileRef = E4861F901DDC2DB700C09BED /* HXAddAlbumCategoryViewController.m */; };
		E4861FAE1DDC2DB700C09BED /* HXPhotoAlbumListViewController.m in Sources */ = {isa = PBXBuildFile; fileRef = E4861F9C1DDC2DB700C09BED /* HXPhotoAlbumListViewController.m */; };
		E4861FB11DDC2DB700C09BED /* HXPhotoListViewController.m in Sources */ = {isa = PBXBuildFile; fileRef = E4861FA11DDC2DB700C09BED /* HXPhotoListViewController.m */; };
		E4861FB31DDC2DB700C09BED /* HXPictureListViewController.m in Sources */ = {isa = PBXBuildFile; fileRef = E4861FA61DDC2DB700C09BED /* HXPictureListViewController.m */; };
		E4861FCB1DDC2EA000C09BED /* HXAlbumCoverImageCell.m in Sources */ = {isa = PBXBuildFile; fileRef = E4861FB61DDC2EA000C09BED /* HXAlbumCoverImageCell.m */; };
		E4861FCC1DDC2EA000C09BED /* HXAlbumCoverImageCell.xib in Resources */ = {isa = PBXBuildFile; fileRef = E4861FB71DDC2EA000C09BED /* HXAlbumCoverImageCell.xib */; };
		E4861FCD1DDC2EA000C09BED /* HXAlbumNameCell.m in Sources */ = {isa = PBXBuildFile; fileRef = E4861FB91DDC2EA000C09BED /* HXAlbumNameCell.m */; };
		E4861FCE1DDC2EA000C09BED /* HXAlbumNameCell.xib in Resources */ = {isa = PBXBuildFile; fileRef = E4861FBA1DDC2EA000C09BED /* HXAlbumNameCell.xib */; };
		E4861FCF1DDC2EA000C09BED /* HXAlbumOtherCell.m in Sources */ = {isa = PBXBuildFile; fileRef = E4861FBC1DDC2EA000C09BED /* HXAlbumOtherCell.m */; };
		E4861FD01DDC2EA000C09BED /* HXAlbumOtherCell.xib in Resources */ = {isa = PBXBuildFile; fileRef = E4861FBD1DDC2EA000C09BED /* HXAlbumOtherCell.xib */; };
		E4861FD11DDC2EA000C09BED /* HXNoAlbumsPointsCell.m in Sources */ = {isa = PBXBuildFile; fileRef = E4861FBF1DDC2EA000C09BED /* HXNoAlbumsPointsCell.m */; };
		E4861FD21DDC2EA000C09BED /* HXNoAlbumsPointsCell.xib in Resources */ = {isa = PBXBuildFile; fileRef = E4861FC01DDC2EA000C09BED /* HXNoAlbumsPointsCell.xib */; };
		E4861FD31DDC2EA000C09BED /* HXNoAlbumsPointsView.m in Sources */ = {isa = PBXBuildFile; fileRef = E4861FC21DDC2EA000C09BED /* HXNoAlbumsPointsView.m */; };
		E4861FD41DDC2EA000C09BED /* HXPhotoCollectionViewCell.m in Sources */ = {isa = PBXBuildFile; fileRef = E4861FC41DDC2EA000C09BED /* HXPhotoCollectionViewCell.m */; };
		E4861FD51DDC2EA000C09BED /* HXPhotoCollectionViewCell.xib in Resources */ = {isa = PBXBuildFile; fileRef = E4861FC51DDC2EA000C09BED /* HXPhotoCollectionViewCell.xib */; };
		E4861FD61DDC2EA000C09BED /* HXPictureGroupCell.m in Sources */ = {isa = PBXBuildFile; fileRef = E4861FC71DDC2EA000C09BED /* HXPictureGroupCell.m */; };
		E4861FD71DDC2EA000C09BED /* HXPictureGroupCell.xib in Resources */ = {isa = PBXBuildFile; fileRef = E4861FC81DDC2EA000C09BED /* HXPictureGroupCell.xib */; };
		E4861FD81DDC2EA000C09BED /* HXSelectPhotoCountView.m in Sources */ = {isa = PBXBuildFile; fileRef = E4861FCA1DDC2EA000C09BED /* HXSelectPhotoCountView.m */; };
		E4861FDC1DDC45A300C09BED /* README.md in Sources */ = {isa = PBXBuildFile; fileRef = E4861FDB1DDC45A300C09BED /* README.md */; };
		E4861FDE1DDC481600C09BED /* xiaoguo.gif in Resources */ = {isa = PBXBuildFile; fileRef = E4861FDD1DDC481600C09BED /* xiaoguo.gif */; };
		E4861FE11DDD483700C09BED /* HXEditPhotoToolBar.m in Sources */ = {isa = PBXBuildFile; fileRef = E4861FE01DDD483700C09BED /* HXEditPhotoToolBar.m */; };
		E4861FE41DDD485800C09BED /* HXEditPhotoToolBar.xib in Resources */ = {isa = PBXBuildFile; fileRef = E4861FE31DDD485800C09BED /* HXEditPhotoToolBar.xib */; };
		E4A813BE1DB4BDB9000D85E2 /* Images.xcassets in Resources */ = {isa = PBXBuildFile; fileRef = E4A813BD1DB4BDB9000D85E2 /* Images.xcassets */; };
		E4B32CE81DAE21A400DB17DE /* Model.xcdatamodeld in Sources */ = {isa = PBXBuildFile; fileRef = E4B32CE61DAE21A400DB17DE /* Model.xcdatamodeld */; };
		E4B32CEB1DAE26AD00DB17DE /* CoreData.framework in Frameworks */ = {isa = PBXBuildFile; fileRef = E4B32CEA1DAE26AD00DB17DE /* CoreData.framework */; };
		E4B32CEE1DAE288100DB17DE /* CoreDataManager.m in Sources */ = {isa = PBXBuildFile; fileRef = E4B32CED1DAE288100DB17DE /* CoreDataManager.m */; };
/* End PBXBuildFile section */

/* Begin PBXFileReference section */
		E4008BAA1DB718CE0017246F /* Picture+CoreDataClass.h */ = {isa = PBXFileReference; fileEncoding = 4; lastKnownFileType = sourcecode.c.h; path = "Picture+CoreDataClass.h"; sourceTree = "<group>"; };
		E4008BAB1DB718CE0017246F /* Picture+CoreDataClass.m */ = {isa = PBXFileReference; fileEncoding = 4; lastKnownFileType = sourcecode.c.objc; path = "Picture+CoreDataClass.m"; sourceTree = "<group>"; };
		E4008BAC1DB718CE0017246F /* Picture+CoreDataProperties.h */ = {isa = PBXFileReference; fileEncoding = 4; lastKnownFileType = sourcecode.c.h; path = "Picture+CoreDataProperties.h"; sourceTree = "<group>"; };
		E4008BAD1DB718CE0017246F /* Picture+CoreDataProperties.m */ = {isa = PBXFileReference; fileEncoding = 4; lastKnownFileType = sourcecode.c.objc; path = "Picture+CoreDataProperties.m"; sourceTree = "<group>"; };
		E4008BAE1DB718CE0017246F /* PictureGroup+CoreDataClass.h */ = {isa = PBXFileReference; fileEncoding = 4; lastKnownFileType = sourcecode.c.h; path = "PictureGroup+CoreDataClass.h"; sourceTree = "<group>"; };
		E4008BAF1DB718CE0017246F /* PictureGroup+CoreDataClass.m */ = {isa = PBXFileReference; fileEncoding = 4; lastKnownFileType = sourcecode.c.objc; path = "PictureGroup+CoreDataClass.m"; sourceTree = "<group>"; };
		E4008BB01DB718CE0017246F /* PictureGroup+CoreDataProperties.h */ = {isa = PBXFileReference; fileEncoding = 4; lastKnownFileType = sourcecode.c.h; path = "PictureGroup+CoreDataProperties.h"; sourceTree = "<group>"; };
		E4008BB11DB718CE0017246F /* PictureGroup+CoreDataProperties.m */ = {isa = PBXFileReference; fileEncoding = 4; lastKnownFileType = sourcecode.c.objc; path = "PictureGroup+CoreDataProperties.m"; sourceTree = "<group>"; };
		E40392281DBF3FFC0063D541 /* PictureGroupEntity.h */ = {isa = PBXFileReference; fileEncoding = 4; lastKnownFileType = sourcecode.c.h; path = PictureGroupEntity.h; sourceTree = "<group>"; };
		E40392291DBF3FFC0063D541 /* PictureGroupEntity.m */ = {isa = PBXFileReference; fileEncoding = 4; lastKnownFileType = sourcecode.c.objc; path = PictureGroupEntity.m; sourceTree = "<group>"; };
		E403922C1DBF49220063D541 /* PictureEntity.h */ = {isa = PBXFileReference; fileEncoding = 4; lastKnownFileType = sourcecode.c.h; path = PictureEntity.h; sourceTree = "<group>"; };
		E403922D1DBF49220063D541 /* PictureEntity.m */ = {isa = PBXFileReference; fileEncoding = 4; lastKnownFileType = sourcecode.c.objc; path = PictureEntity.m; sourceTree = "<group>"; };
		E40EC4431DAA21980032506E /* HXCamouflageCalculator.app */ = {isa = PBXFileReference; explicitFileType = wrapper.application; includeInIndex = 0; path = HXCamouflageCalculator.app; sourceTree = BUILT_PRODUCTS_DIR; };
		E40EC4471DAA21980032506E /* main.m */ = {isa = PBXFileReference; lastKnownFileType = sourcecode.c.objc; path = main.m; sourceTree = "<group>"; };
		E40EC4491DAA21980032506E /* AppDelegate.h */ = {isa = PBXFileReference; lastKnownFileType = sourcecode.c.h; path = AppDelegate.h; sourceTree = "<group>"; };
		E40EC44A1DAA21980032506E /* AppDelegate.m */ = {isa = PBXFileReference; lastKnownFileType = sourcecode.c.objc; path = AppDelegate.m; sourceTree = "<group>"; };
		E40EC44C1DAA21980032506E /* HXCalculatorViewController.h */ = {isa = PBXFileReference; lastKnownFileType = sourcecode.c.h; path = HXCalculatorViewController.h; sourceTree = "<group>"; };
		E40EC44D1DAA21980032506E /* HXCalculatorViewController.m */ = {isa = PBXFileReference; lastKnownFileType = sourcecode.c.objc; path = HXCalculatorViewController.m; sourceTree = "<group>"; };
		E40EC4571DAA21980032506E /* Info.plist */ = {isa = PBXFileReference; lastKnownFileType = text.plist.xml; path = Info.plist; sourceTree = "<group>"; };
		E42AE85F1DAB62CB00EB29C3 /* HXCalculatorKeyboardView.h */ = {isa = PBXFileReference; fileEncoding = 4; lastKnownFileType = sourcecode.c.h; path = HXCalculatorKeyboardView.h; sourceTree = "<group>"; };
		E42AE8601DAB62CB00EB29C3 /* HXCalculatorKeyboardView.m */ = {isa = PBXFileReference; fileEncoding = 4; lastKnownFileType = sourcecode.c.objc; path = HXCalculatorKeyboardView.m; sourceTree = "<group>"; };
		E4509B831DAF27F300B57E92 /* HXPictureGroupListViewController.h */ = {isa = PBXFileReference; fileEncoding = 4; lastKnownFileType = sourcecode.c.h; path = HXPictureGroupListViewController.h; sourceTree = "<group>"; };
		E4509B841DAF27F300B57E92 /* HXPictureGroupListViewController.m */ = {isa = PBXFileReference; fileEncoding = 4; lastKnownFileType = sourcecode.c.objc; path = HXPictureGroupListViewController.m; sourceTree = "<group>"; };
		E47D12FC1DB4676200BA1040 /* BaseCollectionViewCell.h */ = {isa = PBXFileReference; fileEncoding = 4; lastKnownFileType = sourcecode.c.h; path = BaseCollectionViewCell.h; sourceTree = "<group>"; };
		E47D12FD1DB4676200BA1040 /* BaseCollectionViewCell.m */ = {isa = PBXFileReference; fileEncoding = 4; lastKnownFileType = sourcecode.c.objc; path = BaseCollectionViewCell.m; sourceTree = "<group>"; };
		E47D12FE1DB4676200BA1040 /* BaseCollectionViewController.h */ = {isa = PBXFileReference; fileEncoding = 4; lastKnownFileType = sourcecode.c.h; path = BaseCollectionViewController.h; sourceTree = "<group>"; };
		E47D12FF1DB4676200BA1040 /* BaseCollectionViewController.mm */ = {isa = PBXFileReference; fileEncoding = 4; lastKnownFileType = sourcecode.cpp.objcpp; path = BaseCollectionViewController.mm; sourceTree = "<group>"; };
		E47D13001DB4676200BA1040 /* BaseNavigationController.h */ = {isa = PBXFileReference; fileEncoding = 4; lastKnownFileType = sourcecode.c.h; path = BaseNavigationController.h; sourceTree = "<group>"; };
		E47D13011DB4676200BA1040 /* BaseNavigationController.m */ = {isa = PBXFileReference; fileEncoding = 4; lastKnownFileType = sourcecode.c.objc; path = BaseNavigationController.m; sourceTree = "<group>"; };
		E47D13021DB4676200BA1040 /* BaseTabBarController.h */ = {isa = PBXFileReference; fileEncoding = 4; lastKnownFileType = sourcecode.c.h; path = BaseTabBarController.h; sourceTree = "<group>"; };
		E47D13031DB4676200BA1040 /* BaseTabBarController.mm */ = {isa = PBXFileReference; fileEncoding = 4; lastKnownFileType = sourcecode.cpp.objcpp; path = BaseTabBarController.mm; sourceTree = "<group>"; };
		E47D13041DB4676200BA1040 /* BaseTableViewCell.h */ = {isa = PBXFileReference; fileEncoding = 4; lastKnownFileType = sourcecode.c.h; path = BaseTableViewCell.h; sourceTree = "<group>"; };
		E47D13051DB4676200BA1040 /* BaseTableViewCell.m */ = {isa = PBXFileReference; fileEncoding = 4; lastKnownFileType = sourcecode.c.objc; path = BaseTableViewCell.m; sourceTree = "<group>"; };
		E47D13061DB4676200BA1040 /* BaseTableViewController.h */ = {isa = PBXFileReference; fileEncoding = 4; lastKnownFileType = sourcecode.c.h; path = BaseTableViewController.h; sourceTree = "<group>"; };
		E47D13071DB4676200BA1040 /* BaseTableViewController.mm */ = {isa = PBXFileReference; fileEncoding = 4; lastKnownFileType = sourcecode.cpp.objcpp; path = BaseTableViewController.mm; sourceTree = "<group>"; };
		E47D13081DB4676200BA1040 /* BaseViewController.h */ = {isa = PBXFileReference; fileEncoding = 4; lastKnownFileType = sourcecode.c.h; path = BaseViewController.h; sourceTree = "<group>"; };
		E47D13091DB4676200BA1040 /* BaseViewController.mm */ = {isa = PBXFileReference; fileEncoding = 4; lastKnownFileType = sourcecode.cpp.objcpp; path = BaseViewController.mm; sourceTree = "<group>"; };
		E47D130B1DB4676200BA1040 /* PublicDefine.h */ = {isa = PBXFileReference; fileEncoding = 4; lastKnownFileType = sourcecode.c.h; path = PublicDefine.h; sourceTree = "<group>"; };
		E47D130D1DB4676200BA1040 /* NSString+Extension.h */ = {isa = PBXFileReference; fileEncoding = 4; lastKnownFileType = sourcecode.c.h; path = "NSString+Extension.h"; sourceTree = "<group>"; };
		E47D130E1DB4676200BA1040 /* NSString+Extension.m */ = {isa = PBXFileReference; fileEncoding = 4; lastKnownFileType = sourcecode.c.objc; path = "NSString+Extension.m"; sourceTree = "<group>"; };
		E47D130F1DB4676200BA1040 /* UIImage+Extension.h */ = {isa = PBXFileReference; fileEncoding = 4; lastKnownFileType = sourcecode.c.h; path = "UIImage+Extension.h"; sourceTree = "<group>"; };
		E47D13101DB4676200BA1040 /* UIImage+Extension.m */ = {isa = PBXFileReference; fileEncoding = 4; lastKnownFileType = sourcecode.c.objc; path = "UIImage+Extension.m"; sourceTree = "<group>"; };
		E47D13111DB4676200BA1040 /* UIView+Helpers.h */ = {isa = PBXFileReference; fileEncoding = 4; lastKnownFileType = sourcecode.c.h; path = "UIView+Helpers.h"; sourceTree = "<group>"; };
		E47D13121DB4676200BA1040 /* UIView+Helpers.m */ = {isa = PBXFileReference; fileEncoding = 4; lastKnownFileType = sourcecode.c.objc; path = "UIView+Helpers.m"; sourceTree = "<group>"; };
		E47D13141DB4676200BA1040 /* AssetHelper.h */ = {isa = PBXFileReference; fileEncoding = 4; lastKnownFileType = sourcecode.c.h; path = AssetHelper.h; sourceTree = "<group>"; };
		E47D13151DB4676200BA1040 /* AssetHelper.m */ = {isa = PBXFileReference; fileEncoding = 4; lastKnownFileType = sourcecode.c.objc; path = AssetHelper.m; sourceTree = "<group>"; };
		E4861F8F1DDC2DB700C09BED /* HXAddAlbumCategoryViewController.h */ = {isa = PBXFileReference; fileEncoding = 4; lastKnownFileType = sourcecode.c.h; path = HXAddAlbumCategoryViewController.h; sourceTree = "<group>"; };
		E4861F901DDC2DB700C09BED /* HXAddAlbumCategoryViewController.m */ = {isa = PBXFileReference; fileEncoding = 4; lastKnownFileType = sourcecode.c.objc; path = HXAddAlbumCategoryViewController.m; sourceTree = "<group>"; };
		E4861F9B1DDC2DB700C09BED /* HXPhotoAlbumListViewController.h */ = {isa = PBXFileReference; fileEncoding = 4; lastKnownFileType = sourcecode.c.h; path = HXPhotoAlbumListViewController.h; sourceTree = "<group>"; };
		E4861F9C1DDC2DB700C09BED /* HXPhotoAlbumListViewController.m */ = {isa = PBXFileReference; fileEncoding = 4; lastKnownFileType = sourcecode.c.objc; path = HXPhotoAlbumListViewController.m; sourceTree = "<group>"; };
		E4861FA01DDC2DB700C09BED /* HXPhotoListViewController.h */ = {isa = PBXFileReference; fileEncoding = 4; lastKnownFileType = sourcecode.c.h; path = HXPhotoListViewController.h; sourceTree = "<group>"; };
		E4861FA11DDC2DB700C09BED /* HXPhotoListViewController.m */ = {isa = PBXFileReference; fileEncoding = 4; lastKnownFileType = sourcecode.c.objc; path = HXPhotoListViewController.m; sourceTree = "<group>"; };
		E4861FA51DDC2DB700C09BED /* HXPictureListViewController.h */ = {isa = PBXFileReference; fileEncoding = 4; lastKnownFileType = sourcecode.c.h; path = HXPictureListViewController.h; sourceTree = "<group>"; };
		E4861FA61DDC2DB700C09BED /* HXPictureListViewController.m */ = {isa = PBXFileReference; fileEncoding = 4; lastKnownFileType = sourcecode.c.objc; path = HXPictureListViewController.m; sourceTree = "<group>"; };
		E4861FB51DDC2EA000C09BED /* HXAlbumCoverImageCell.h */ = {isa = PBXFileReference; fileEncoding = 4; lastKnownFileType = sourcecode.c.h; path = HXAlbumCoverImageCell.h; sourceTree = "<group>"; };
		E4861FB61DDC2EA000C09BED /* HXAlbumCoverImageCell.m */ = {isa = PBXFileReference; fileEncoding = 4; lastKnownFileType = sourcecode.c.objc; path = HXAlbumCoverImageCell.m; sourceTree = "<group>"; };
		E4861FB71DDC2EA000C09BED /* HXAlbumCoverImageCell.xib */ = {isa = PBXFileReference; fileEncoding = 4; lastKnownFileType = file.xib; path = HXAlbumCoverImageCell.xib; sourceTree = "<group>"; };
		E4861FB81DDC2EA000C09BED /* HXAlbumNameCell.h */ = {isa = PBXFileReference; fileEncoding = 4; lastKnownFileType = sourcecode.c.h; path = HXAlbumNameCell.h; sourceTree = "<group>"; };
		E4861FB91DDC2EA000C09BED /* HXAlbumNameCell.m */ = {isa = PBXFileReference; fileEncoding = 4; lastKnownFileType = sourcecode.c.objc; path = HXAlbumNameCell.m; sourceTree = "<group>"; };
		E4861FBA1DDC2EA000C09BED /* HXAlbumNameCell.xib */ = {isa = PBXFileReference; fileEncoding = 4; lastKnownFileType = file.xib; path = HXAlbumNameCell.xib; sourceTree = "<group>"; };
		E4861FBB1DDC2EA000C09BED /* HXAlbumOtherCell.h */ = {isa = PBXFileReference; fileEncoding = 4; lastKnownFileType = sourcecode.c.h; path = HXAlbumOtherCell.h; sourceTree = "<group>"; };
		E4861FBC1DDC2EA000C09BED /* HXAlbumOtherCell.m */ = {isa = PBXFileReference; fileEncoding = 4; lastKnownFileType = sourcecode.c.objc; path = HXAlbumOtherCell.m; sourceTree = "<group>"; };
		E4861FBD1DDC2EA000C09BED /* HXAlbumOtherCell.xib */ = {isa = PBXFileReference; fileEncoding = 4; lastKnownFileType = file.xib; path = HXAlbumOtherCell.xib; sourceTree = "<group>"; };
		E4861FBE1DDC2EA000C09BED /* HXNoAlbumsPointsCell.h */ = {isa = PBXFileReference; fileEncoding = 4; lastKnownFileType = sourcecode.c.h; path = HXNoAlbumsPointsCell.h; sourceTree = "<group>"; };
		E4861FBF1DDC2EA000C09BED /* HXNoAlbumsPointsCell.m */ = {isa = PBXFileReference; fileEncoding = 4; lastKnownFileType = sourcecode.c.objc; path = HXNoAlbumsPointsCell.m; sourceTree = "<group>"; };
		E4861FC01DDC2EA000C09BED /* HXNoAlbumsPointsCell.xib */ = {isa = PBXFileReference; fileEncoding = 4; lastKnownFileType = file.xib; path = HXNoAlbumsPointsCell.xib; sourceTree = "<group>"; };
		E4861FC11DDC2EA000C09BED /* HXNoAlbumsPointsView.h */ = {isa = PBXFileReference; fileEncoding = 4; lastKnownFileType = sourcecode.c.h; path = HXNoAlbumsPointsView.h; sourceTree = "<group>"; };
		E4861FC21DDC2EA000C09BED /* HXNoAlbumsPointsView.m */ = {isa = PBXFileReference; fileEncoding = 4; lastKnownFileType = sourcecode.c.objc; path = HXNoAlbumsPointsView.m; sourceTree = "<group>"; };
		E4861FC31DDC2EA000C09BED /* HXPhotoCollectionViewCell.h */ = {isa = PBXFileReference; fileEncoding = 4; lastKnownFileType = sourcecode.c.h; path = HXPhotoCollectionViewCell.h; sourceTree = "<group>"; };
		E4861FC41DDC2EA000C09BED /* HXPhotoCollectionViewCell.m */ = {isa = PBXFileReference; fileEncoding = 4; lastKnownFileType = sourcecode.c.objc; path = HXPhotoCollectionViewCell.m; sourceTree = "<group>"; };
		E4861FC51DDC2EA000C09BED /* HXPhotoCollectionViewCell.xib */ = {isa = PBXFileReference; fileEncoding = 4; lastKnownFileType = file.xib; path = HXPhotoCollectionViewCell.xib; sourceTree = "<group>"; };
		E4861FC61DDC2EA000C09BED /* HXPictureGroupCell.h */ = {isa = PBXFileReference; fileEncoding = 4; lastKnownFileType = sourcecode.c.h; path = HXPictureGroupCell.h; sourceTree = "<group>"; };
		E4861FC71DDC2EA000C09BED /* HXPictureGroupCell.m */ = {isa = PBXFileReference; fileEncoding = 4; lastKnownFileType = sourcecode.c.objc; path = HXPictureGroupCell.m; sourceTree = "<group>"; };
		E4861FC81DDC2EA000C09BED /* HXPictureGroupCell.xib */ = {isa = PBXFileReference; fileEncoding = 4; lastKnownFileType = file.xib; path = HXPictureGroupCell.xib; sourceTree = "<group>"; };
		E4861FC91DDC2EA000C09BED /* HXSelectPhotoCountView.h */ = {isa = PBXFileReference; fileEncoding = 4; lastKnownFileType = sourcecode.c.h; path = HXSelectPhotoCountView.h; sourceTree = "<group>"; };
		E4861FCA1DDC2EA000C09BED /* HXSelectPhotoCountView.m */ = {isa = PBXFileReference; fileEncoding = 4; lastKnownFileType = sourcecode.c.objc; path = HXSelectPhotoCountView.m; sourceTree = "<group>"; };
		E4861FDB1DDC45A300C09BED /* README.md */ = {isa = PBXFileReference; fileEncoding = 4; lastKnownFileType = net.daringfireball.markdown; path = README.md; sourceTree = "<group>"; };
		E4861FDD1DDC481600C09BED /* xiaoguo.gif */ = {isa = PBXFileReference; lastKnownFileType = image.gif; path = xiaoguo.gif; sourceTree = "<group>"; };
		E4861FDF1DDD483700C09BED /* HXEditPhotoToolBar.h */ = {isa = PBXFileReference; fileEncoding = 4; lastKnownFileType = sourcecode.c.h; path = HXEditPhotoToolBar.h; sourceTree = "<group>"; };
		E4861FE01DDD483700C09BED /* HXEditPhotoToolBar.m */ = {isa = PBXFileReference; fileEncoding = 4; lastKnownFileType = sourcecode.c.objc; path = HXEditPhotoToolBar.m; sourceTree = "<group>"; };
		E4861FE31DDD485800C09BED /* HXEditPhotoToolBar.xib */ = {isa = PBXFileReference; fileEncoding = 4; lastKnownFileType = file.xib; path = HXEditPhotoToolBar.xib; sourceTree = "<group>"; };
		E48C2A361DB08B8700FE6495 /* PrefixHeader.pch */ = {isa = PBXFileReference; fileEncoding = 4; lastKnownFileType = sourcecode.c.h; path = PrefixHeader.pch; sourceTree = "<group>"; };
		E4A813BD1DB4BDB9000D85E2 /* Images.xcassets */ = {isa = PBXFileReference; lastKnownFileType = folder.assetcatalog; path = Images.xcassets; sourceTree = "<group>"; };
		E4B32CE71DAE21A400DB17DE /* Model.xcdatamodel */ = {isa = PBXFileReference; lastKnownFileType = wrapper.xcdatamodel; path = Model.xcdatamodel; sourceTree = "<group>"; };
		E4B32CEA1DAE26AD00DB17DE /* CoreData.framework */ = {isa = PBXFileReference; lastKnownFileType = wrapper.framework; name = CoreData.framework; path = System/Library/Frameworks/CoreData.framework; sourceTree = SDKROOT; };
		E4B32CEC1DAE288100DB17DE /* CoreDataManager.h */ = {isa = PBXFileReference; fileEncoding = 4; lastKnownFileType = sourcecode.c.h; path = CoreDataManager.h; sourceTree = "<group>"; };
		E4B32CED1DAE288100DB17DE /* CoreDataManager.m */ = {isa = PBXFileReference; fileEncoding = 4; lastKnownFileType = sourcecode.c.objc; path = CoreDataManager.m; sourceTree = "<group>"; };
/* End PBXFileReference section */

/* Begin PBXFrameworksBuildPhase section */
		E40EC4401DAA21980032506E /* Frameworks */ = {
			isa = PBXFrameworksBuildPhase;
			buildActionMask = 2147483647;
			files = (
				E4B32CEB1DAE26AD00DB17DE /* CoreData.framework in Frameworks */,
			);
			runOnlyForDeploymentPostprocessing = 0;
		};
/* End PBXFrameworksBuildPhase section */

/* Begin PBXGroup section */
		E40EC43A1DAA21980032506E = {
			isa = PBXGroup;
			children = (
				E4861FDB1DDC45A300C09BED /* README.md */,
				E4861FDD1DDC481600C09BED /* xiaoguo.gif */,
				E40EC4451DAA21980032506E /* HXCamouflageCalculator */,
				E40EC4441DAA21980032506E /* Products */,
				E4B32CE91DAE26AD00DB17DE /* Frameworks */,
			);
			sourceTree = "<group>";
		};
		E40EC4441DAA21980032506E /* Products */ = {
			isa = PBXGroup;
			children = (
				E40EC4431DAA21980032506E /* HXCamouflageCalculator.app */,
			);
			name = Products;
			sourceTree = "<group>";
		};
		E40EC4451DAA21980032506E /* HXCamouflageCalculator */ = {
			isa = PBXGroup;
			children = (
				E40EC4491DAA21980032506E /* AppDelegate.h */,
				E40EC44A1DAA21980032506E /* AppDelegate.m */,
				E42AE85C1DAB627000EB29C3 /* 计算器 */,
				E4B32CE01DAE204000DB17DE /* 保险箱 */,
				E47D12FA1DB4676200BA1040 /* Public */,
				E40EC4461DAA21980032506E /* Supporting Files */,
			);
			path = HXCamouflageCalculator;
			sourceTree = "<group>";
		};
		E40EC4461DAA21980032506E /* Supporting Files */ = {
			isa = PBXGroup;
			children = (
				E4A813BD1DB4BDB9000D85E2 /* Images.xcassets */,
				E40EC4571DAA21980032506E /* Info.plist */,
				E40EC4471DAA21980032506E /* main.m */,
				E48C2A361DB08B8700FE6495 /* PrefixHeader.pch */,
			);
			name = "Supporting Files";
			sourceTree = "<group>";
		};
		E42AE85C1DAB627000EB29C3 /* 计算器 */ = {
			isa = PBXGroup;
			children = (
				E42AE85D1DAB629300EB29C3 /* View */,
				E42AE85E1DAB629300EB29C3 /* ViewController */,
			);
			name = "计算器";
			path = Calculator;
			sourceTree = "<group>";
		};
		E42AE85D1DAB629300EB29C3 /* View */ = {
			isa = PBXGroup;
			children = (
				E42AE85F1DAB62CB00EB29C3 /* HXCalculatorKeyboardView.h */,
				E42AE8601DAB62CB00EB29C3 /* HXCalculatorKeyboardView.m */,
			);
			path = View;
			sourceTree = "<group>";
		};
		E42AE85E1DAB629300EB29C3 /* ViewController */ = {
			isa = PBXGroup;
			children = (
				E40EC44C1DAA21980032506E /* HXCalculatorViewController.h */,
				E40EC44D1DAA21980032506E /* HXCalculatorViewController.m */,
			);
			path = ViewController;
			sourceTree = "<group>";
		};
		E4509B811DAF27F300B57E92 /* 图片 */ = {
			isa = PBXGroup;
			children = (
				E4861FB41DDC2E3100C09BED /* View */,
				E4509B821DAF27F300B57E92 /* 图片分类列表 */,
			);
			name = "图片";
			path = Picture;
			sourceTree = "<group>";
		};
		E4509B821DAF27F300B57E92 /* 图片分类列表 */ = {
			isa = PBXGroup;
			children = (
				E4509B831DAF27F300B57E92 /* HXPictureGroupListViewController.h */,
				E4509B841DAF27F300B57E92 /* HXPictureGroupListViewController.m */,
				E4861F8E1DDC2DB700C09BED /* 添加/编辑分类 */,
				E4861F9A1DDC2DB700C09BED /* 添加照片 */,
				E4861FA41DDC2DB700C09BED /* 图片列表 */,
			);
			name = "图片分类列表";
			path = ViewController;
			sourceTree = "<group>";
		};
		E47D12FA1DB4676200BA1040 /* Public */ = {
			isa = PBXGroup;
			children = (
				E47D12FB1DB4676200BA1040 /* Base */,
				E47D130A1DB4676200BA1040 /* Define */,
				E47D130C1DB4676200BA1040 /* Extension */,
				E47D13131DB4676200BA1040 /* Asset */,
			);
			path = Public;
			sourceTree = "<group>";
		};
		E47D12FB1DB4676200BA1040 /* Base */ = {
			isa = PBXGroup;
			children = (
				E47D12FC1DB4676200BA1040 /* BaseCollectionViewCell.h */,
				E47D12FD1DB4676200BA1040 /* BaseCollectionViewCell.m */,
				E47D12FE1DB4676200BA1040 /* BaseCollectionViewController.h */,
				E47D12FF1DB4676200BA1040 /* BaseCollectionViewController.mm */,
				E47D13001DB4676200BA1040 /* BaseNavigationController.h */,
				E47D13011DB4676200BA1040 /* BaseNavigationController.m */,
				E47D13021DB4676200BA1040 /* BaseTabBarController.h */,
				E47D13031DB4676200BA1040 /* BaseTabBarController.mm */,
				E47D13041DB4676200BA1040 /* BaseTableViewCell.h */,
				E47D13051DB4676200BA1040 /* BaseTableViewCell.m */,
				E47D13061DB4676200BA1040 /* BaseTableViewController.h */,
				E47D13071DB4676200BA1040 /* BaseTableViewController.mm */,
				E47D13081DB4676200BA1040 /* BaseViewController.h */,
				E47D13091DB4676200BA1040 /* BaseViewController.mm */,
			);
			path = Base;
			sourceTree = "<group>";
		};
		E47D130A1DB4676200BA1040 /* Define */ = {
			isa = PBXGroup;
			children = (
				E47D130B1DB4676200BA1040 /* PublicDefine.h */,
			);
			path = Define;
			sourceTree = "<group>";
		};
		E47D130C1DB4676200BA1040 /* Extension */ = {
			isa = PBXGroup;
			children = (
				E47D130D1DB4676200BA1040 /* NSString+Extension.h */,
				E47D130E1DB4676200BA1040 /* NSString+Extension.m */,
				E47D130F1DB4676200BA1040 /* UIImage+Extension.h */,
				E47D13101DB4676200BA1040 /* UIImage+Extension.m */,
				E47D13111DB4676200BA1040 /* UIView+Helpers.h */,
				E47D13121DB4676200BA1040 /* UIView+Helpers.m */,
			);
			path = Extension;
			sourceTree = "<group>";
		};
		E47D13131DB4676200BA1040 /* Asset */ = {
			isa = PBXGroup;
			children = (
				E47D13141DB4676200BA1040 /* AssetHelper.h */,
				E47D13151DB4676200BA1040 /* AssetHelper.m */,
			);
			path = Asset;
			sourceTree = "<group>";
		};
		E4861F8E1DDC2DB700C09BED /* 添加/编辑分类 */ = {
			isa = PBXGroup;
			children = (
				E4861F8F1DDC2DB700C09BED /* HXAddAlbumCategoryViewController.h */,
				E4861F901DDC2DB700C09BED /* HXAddAlbumCategoryViewController.m */,
			);
			name = "添加/编辑分类";
			path = "HXCamouflageCalculator/SafeDepositBox/Picture/添加分类";
			sourceTree = SOURCE_ROOT;
		};
		E4861F9A1DDC2DB700C09BED /* 添加照片 */ = {
			isa = PBXGroup;
			children = (
				E4861FD91DDC2F9000C09BED /* 相册分类 */,
				E4861FDA1DDC2FA300C09BED /* 相册图片列表 */,
			);
			name = "添加照片";
			path = "HXCamouflageCalculator/SafeDepositBox/Picture/添加照片";
			sourceTree = SOURCE_ROOT;
		};
		E4861FA41DDC2DB700C09BED /* 图片列表 */ = {
			isa = PBXGroup;
			children = (
				E4861FA51DDC2DB700C09BED /* HXPictureListViewController.h */,
				E4861FA61DDC2DB700C09BED /* HXPictureListViewController.m */,
			);
			name = "图片列表";
			path = "HXCamouflageCalculator/SafeDepositBox/Picture/图片列表";
			sourceTree = SOURCE_ROOT;
		};
		E4861FB41DDC2E3100C09BED /* View */ = {
			isa = PBXGroup;
			children = (
				E4861FB51DDC2EA000C09BED /* HXAlbumCoverImageCell.h */,
				E4861FB61DDC2EA000C09BED /* HXAlbumCoverImageCell.m */,
				E4861FB71DDC2EA000C09BED /* HXAlbumCoverImageCell.xib */,
				E4861FB81DDC2EA000C09BED /* HXAlbumNameCell.h */,
				E4861FB91DDC2EA000C09BED /* HXAlbumNameCell.m */,
				E4861FBA1DDC2EA000C09BED /* HXAlbumNameCell.xib */,
				E4861FBB1DDC2EA000C09BED /* HXAlbumOtherCell.h */,
				E4861FBC1DDC2EA000C09BED /* HXAlbumOtherCell.m */,
				E4861FBD1DDC2EA000C09BED /* HXAlbumOtherCell.xib */,
				E4861FBE1DDC2EA000C09BED /* HXNoAlbumsPointsCell.h */,
				E4861FBF1DDC2EA000C09BED /* HXNoAlbumsPointsCell.m */,
				E4861FC01DDC2EA000C09BED /* HXNoAlbumsPointsCell.xib */,
				E4861FC11DDC2EA000C09BED /* HXNoAlbumsPointsView.h */,
				E4861FC21DDC2EA000C09BED /* HXNoAlbumsPointsView.m */,
				E4861FC31DDC2EA000C09BED /* HXPhotoCollectionViewCell.h */,
				E4861FC41DDC2EA000C09BED /* HXPhotoCollectionViewCell.m */,
				E4861FC51DDC2EA000C09BED /* HXPhotoCollectionViewCell.xib */,
				E4861FC61DDC2EA000C09BED /* HXPictureGroupCell.h */,
				E4861FC71DDC2EA000C09BED /* HXPictureGroupCell.m */,
				E4861FC81DDC2EA000C09BED /* HXPictureGroupCell.xib */,
				E4861FC91DDC2EA000C09BED /* HXSelectPhotoCountView.h */,
				E4861FCA1DDC2EA000C09BED /* HXSelectPhotoCountView.m */,
				E4861FDF1DDD483700C09BED /* HXEditPhotoToolBar.h */,
				E4861FE01DDD483700C09BED /* HXEditPhotoToolBar.m */,
				E4861FE31DDD485800C09BED /* HXEditPhotoToolBar.xib */,
			);
			path = View;
			sourceTree = "<group>";
		};
		E4861FD91DDC2F9000C09BED /* 相册分类 */ = {
			isa = PBXGroup;
			children = (
				E4861F9B1DDC2DB700C09BED /* HXPhotoAlbumListViewController.h */,
				E4861F9C1DDC2DB700C09BED /* HXPhotoAlbumListViewController.m */,
			);
			name = "相册分类";
			sourceTree = "<group>";
		};
		E4861FDA1DDC2FA300C09BED /* 相册图片列表 */ = {
			isa = PBXGroup;
			children = (
				E4861FA01DDC2DB700C09BED /* HXPhotoListViewController.h */,
				E4861FA11DDC2DB700C09BED /* HXPhotoListViewController.m */,
			);
			name = "相册图片列表";
			sourceTree = "<group>";
		};
		E4B32CE01DAE204000DB17DE /* 保险箱 */ = {
			isa = PBXGroup;
			children = (
				E4509B811DAF27F300B57E92 /* 图片 */,
				E4B32CE51DAE209000DB17DE /* CoreData */,
			);
			name = "保险箱";
			path = SafeDepositBox;
			sourceTree = "<group>";
		};
		E4B32CE51DAE209000DB17DE /* CoreData */ = {
			isa = PBXGroup;
			children = (
				E4008BAA1DB718CE0017246F /* Picture+CoreDataClass.h */,
				E4008BAB1DB718CE0017246F /* Picture+CoreDataClass.m */,
				E4008BAC1DB718CE0017246F /* Picture+CoreDataProperties.h */,
				E4008BAD1DB718CE0017246F /* Picture+CoreDataProperties.m */,
				E4008BAE1DB718CE0017246F /* PictureGroup+CoreDataClass.h */,
				E4008BAF1DB718CE0017246F /* PictureGroup+CoreDataClass.m */,
				E4008BB01DB718CE0017246F /* PictureGroup+CoreDataProperties.h */,
				E4008BB11DB718CE0017246F /* PictureGroup+CoreDataProperties.m */,
				E40392281DBF3FFC0063D541 /* PictureGroupEntity.h */,
				E40392291DBF3FFC0063D541 /* PictureGroupEntity.m */,
				E403922C1DBF49220063D541 /* PictureEntity.h */,
				E403922D1DBF49220063D541 /* PictureEntity.m */,
				E4B32CE61DAE21A400DB17DE /* Model.xcdatamodeld */,
				E4B32CEC1DAE288100DB17DE /* CoreDataManager.h */,
				E4B32CED1DAE288100DB17DE /* CoreDataManager.m */,
			);
			path = CoreData;
			sourceTree = "<group>";
		};
		E4B32CE91DAE26AD00DB17DE /* Frameworks */ = {
			isa = PBXGroup;
			children = (
				E4B32CEA1DAE26AD00DB17DE /* CoreData.framework */,
			);
			name = Frameworks;
			sourceTree = "<group>";
		};
/* End PBXGroup section */

/* Begin PBXNativeTarget section */
		E40EC4421DAA21980032506E /* HXCamouflageCalculator */ = {
			isa = PBXNativeTarget;
			buildConfigurationList = E40EC45A1DAA21980032506E /* Build configuration list for PBXNativeTarget "HXCamouflageCalculator" */;
			buildPhases = (
				E40EC43F1DAA21980032506E /* Sources */,
				E40EC4401DAA21980032506E /* Frameworks */,
				E40EC4411DAA21980032506E /* Resources */,
			);
			buildRules = (
			);
			dependencies = (
			);
			name = HXCamouflageCalculator;
			productName = HXCamouflageCalculator;
			productReference = E40EC4431DAA21980032506E /* HXCamouflageCalculator.app */;
			productType = "com.apple.product-type.application";
		};
/* End PBXNativeTarget section */

/* Begin PBXProject section */
		E40EC43B1DAA21980032506E /* Project object */ = {
			isa = PBXProject;
			attributes = {
				LastUpgradeCheck = 0800;
				ORGANIZATIONNAME = "黄轩";
				TargetAttributes = {
					E40EC4421DAA21980032506E = {
						CreatedOnToolsVersion = 8.0;
						LastSwiftMigration = 0800;
						ProvisioningStyle = Automatic;
					};
				};
			};
			buildConfigurationList = E40EC43E1DAA21980032506E /* Build configuration list for PBXProject "HXCamouflageCalculator" */;
			compatibilityVersion = "Xcode 3.2";
			developmentRegion = English;
			hasScannedForEncodings = 0;
			knownRegions = (
				en,
				Base,
			);
			mainGroup = E40EC43A1DAA21980032506E;
			productRefGroup = E40EC4441DAA21980032506E /* Products */;
			projectDirPath = "";
			projectRoot = "";
			targets = (
				E40EC4421DAA21980032506E /* HXCamouflageCalculator */,
			);
		};
/* End PBXProject section */

/* Begin PBXResourcesBuildPhase section */
		E40EC4411DAA21980032506E /* Resources */ = {
			isa = PBXResourcesBuildPhase;
			buildActionMask = 2147483647;
			files = (
				E4861FD01DDC2EA000C09BED /* HXAlbumOtherCell.xib in Resources */,
				E4861FCE1DDC2EA000C09BED /* HXAlbumNameCell.xib in Resources */,
				E4861FE41DDD485800C09BED /* HXEditPhotoToolBar.xib in Resources */,
				E4861FD21DDC2EA000C09BED /* HXNoAlbumsPointsCell.xib in Resources */,
				E4861FDE1DDC481600C09BED /* xiaoguo.gif in Resources */,
				E4861FD51DDC2EA000C09BED /* HXPhotoCollectionViewCell.xib in Resources */,
				E4A813BE1DB4BDB9000D85E2 /* Images.xcassets in Resources */,
				E4861FD71DDC2EA000C09BED /* HXPictureGroupCell.xib in Resources */,
				E4861FCC1DDC2EA000C09BED /* HXAlbumCoverImageCell.xib in Resources */,
			);
			runOnlyForDeploymentPostprocessing = 0;
		};
/* End PBXResourcesBuildPhase section */

/* Begin PBXSourcesBuildPhase section */
		E40EC43F1DAA21980032506E /* Sources */ = {
			isa = PBXSourcesBuildPhase;
			buildActionMask = 2147483647;
			files = (
				E4B32CE81DAE21A400DB17DE /* Model.xcdatamodeld in Sources */,
				E4861FD81DDC2EA000C09BED /* HXSelectPhotoCountView.m in Sources */,
				E47D131B1DB4676200BA1040 /* BaseTableViewController.mm in Sources */,
				E4861FCD1DDC2EA000C09BED /* HXAlbumNameCell.m in Sources */,
				E4861FAE1DDC2DB700C09BED /* HXPhotoAlbumListViewController.m in Sources */,
				E42AE8611DAB62CB00EB29C3 /* HXCalculatorKeyboardView.m in Sources */,
				E47D13191DB4676200BA1040 /* BaseTabBarController.mm in Sources */,
				E40EC44E1DAA21980032506E /* HXCalculatorViewController.m in Sources */,
				E4008BB21DB718CE0017246F /* Picture+CoreDataClass.m in Sources */,
				E4861FD31DDC2EA000C09BED /* HXNoAlbumsPointsView.m in Sources */,
				E4008BB31DB718CE0017246F /* Picture+CoreDataProperties.m in Sources */,
				E4008BB41DB718CE0017246F /* PictureGroup+CoreDataClass.m in Sources */,
				E4861FD41DDC2EA000C09BED /* HXPhotoCollectionViewCell.m in Sources */,
				E4861FB31DDC2DB700C09BED /* HXPictureListViewController.m in Sources */,
				E47D13201DB4676200BA1040 /* AssetHelper.m in Sources */,
				E403922A1DBF3FFC0063D541 /* PictureGroupEntity.m in Sources */,
				E47D131F1DB4676200BA1040 /* UIView+Helpers.m in Sources */,
				E4861FE11DDD483700C09BED /* HXEditPhotoToolBar.m in Sources */,
				E47D13171DB4676200BA1040 /* BaseCollectionViewController.mm in Sources */,
				E4861FD11DDC2EA000C09BED /* HXNoAlbumsPointsCell.m in Sources */,
				E47D131D1DB4676200BA1040 /* NSString+Extension.m in Sources */,
				E47D131C1DB4676200BA1040 /* BaseViewController.mm in Sources */,
				E4509B881DAF27F300B57E92 /* HXPictureGroupListViewController.m in Sources */,
				E47D131E1DB4676200BA1040 /* UIImage+Extension.m in Sources */,
				E47D131A1DB4676200BA1040 /* BaseTableViewCell.m in Sources */,
				E4008BB51DB718CE0017246F /* PictureGroup+CoreDataProperties.m in Sources */,
				E4861FA71DDC2DB700C09BED /* HXAddAlbumCategoryViewController.m in Sources */,
				E47D13181DB4676200BA1040 /* BaseNavigationController.m in Sources */,
				E4861FD61DDC2EA000C09BED /* HXPictureGroupCell.m in Sources */,
				E4861FCF1DDC2EA000C09BED /* HXAlbumOtherCell.m in Sources */,
				E4861FDC1DDC45A300C09BED /* README.md in Sources */,
				E4861FB11DDC2DB700C09BED /* HXPhotoListViewController.m in Sources */,
				E403922E1DBF49220063D541 /* PictureEntity.m in Sources */,
				E47D13161DB4676200BA1040 /* BaseCollectionViewCell.m in Sources */,
				E4861FCB1DDC2EA000C09BED /* HXAlbumCoverImageCell.m in Sources */,
				E4B32CEE1DAE288100DB17DE /* CoreDataManager.m in Sources */,
				E40EC44B1DAA21980032506E /* AppDelegate.m in Sources */,
				E40EC4481DAA21980032506E /* main.m in Sources */,
			);
			runOnlyForDeploymentPostprocessing = 0;
		};
/* End PBXSourcesBuildPhase section */

/* Begin XCBuildConfiguration section */
		E40EC4581DAA21980032506E /* Debug */ = {
			isa = XCBuildConfiguration;
			buildSettings = {
				ALWAYS_SEARCH_USER_PATHS = NO;
				CLANG_ANALYZER_NONNULL = YES;
				CLANG_CXX_LANGUAGE_STANDARD = "gnu++0x";
				CLANG_CXX_LIBRARY = "libc++";
				CLANG_ENABLE_MODULES = YES;
				CLANG_ENABLE_OBJC_ARC = YES;
				CLANG_WARN_BOOL_CONVERSION = YES;
				CLANG_WARN_CONSTANT_CONVERSION = YES;
				CLANG_WARN_DIRECT_OBJC_ISA_USAGE = YES_ERROR;
				CLANG_WARN_DOCUMENTATION_COMMENTS = YES;
				CLANG_WARN_EMPTY_BODY = YES;
				CLANG_WARN_ENUM_CONVERSION = YES;
				CLANG_WARN_INFINITE_RECURSION = YES;
				CLANG_WARN_INT_CONVERSION = YES;
				CLANG_WARN_OBJC_ROOT_CLASS = YES_ERROR;
				CLANG_WARN_SUSPICIOUS_MOVES = YES;
				CLANG_WARN_UNREACHABLE_CODE = YES;
				CLANG_WARN__DUPLICATE_METHOD_MATCH = YES;
				"CODE_SIGN_IDENTITY[sdk=iphoneos*]" = "iPhone Developer";
				COPY_PHASE_STRIP = NO;
				DEBUG_INFORMATION_FORMAT = dwarf;
				ENABLE_STRICT_OBJC_MSGSEND = YES;
				ENABLE_TESTABILITY = YES;
				GCC_C_LANGUAGE_STANDARD = gnu99;
				GCC_DYNAMIC_NO_PIC = NO;
				GCC_NO_COMMON_BLOCKS = YES;
				GCC_OPTIMIZATION_LEVEL = 0;
				GCC_PREPROCESSOR_DEFINITIONS = (
					"DEBUG=1",
					"$(inherited)",
				);
				GCC_WARN_64_TO_32_BIT_CONVERSION = YES;
				GCC_WARN_ABOUT_RETURN_TYPE = YES_ERROR;
				GCC_WARN_UNDECLARED_SELECTOR = YES;
				GCC_WARN_UNINITIALIZED_AUTOS = YES_AGGRESSIVE;
				GCC_WARN_UNUSED_FUNCTION = YES;
				GCC_WARN_UNUSED_VARIABLE = YES;
				IPHONEOS_DEPLOYMENT_TARGET = 10.0;
				MTL_ENABLE_DEBUG_INFO = YES;
				ONLY_ACTIVE_ARCH = YES;
				SDKROOT = iphoneos;
			};
			name = Debug;
		};
		E40EC4591DAA21980032506E /* Release */ = {
			isa = XCBuildConfiguration;
			buildSettings = {
				ALWAYS_SEARCH_USER_PATHS = NO;
				CLANG_ANALYZER_NONNULL = YES;
				CLANG_CXX_LANGUAGE_STANDARD = "gnu++0x";
				CLANG_CXX_LIBRARY = "libc++";
				CLANG_ENABLE_MODULES = YES;
				CLANG_ENABLE_OBJC_ARC = YES;
				CLANG_WARN_BOOL_CONVERSION = YES;
				CLANG_WARN_CONSTANT_CONVERSION = YES;
				CLANG_WARN_DIRECT_OBJC_ISA_USAGE = YES_ERROR;
				CLANG_WARN_DOCUMENTATION_COMMENTS = YES;
				CLANG_WARN_EMPTY_BODY = YES;
				CLANG_WARN_ENUM_CONVERSION = YES;
				CLANG_WARN_INFINITE_RECURSION = YES;
				CLANG_WARN_INT_CONVERSION = YES;
				CLANG_WARN_OBJC_ROOT_CLASS = YES_ERROR;
				CLANG_WARN_SUSPICIOUS_MOVES = YES;
				CLANG_WARN_UNREACHABLE_CODE = YES;
				CLANG_WARN__DUPLICATE_METHOD_MATCH = YES;
				"CODE_SIGN_IDENTITY[sdk=iphoneos*]" = "iPhone Developer";
				COPY_PHASE_STRIP = NO;
				DEBUG_INFORMATION_FORMAT = "dwarf-with-dsym";
				ENABLE_NS_ASSERTIONS = NO;
				ENABLE_STRICT_OBJC_MSGSEND = YES;
				GCC_C_LANGUAGE_STANDARD = gnu99;
				GCC_NO_COMMON_BLOCKS = YES;
				GCC_WARN_64_TO_32_BIT_CONVERSION = YES;
				GCC_WARN_ABOUT_RETURN_TYPE = YES_ERROR;
				GCC_WARN_UNDECLARED_SELECTOR = YES;
				GCC_WARN_UNINITIALIZED_AUTOS = YES_AGGRESSIVE;
				GCC_WARN_UNUSED_FUNCTION = YES;
				GCC_WARN_UNUSED_VARIABLE = YES;
				IPHONEOS_DEPLOYMENT_TARGET = 10.0;
				MTL_ENABLE_DEBUG_INFO = NO;
				SDKROOT = iphoneos;
				VALIDATE_PRODUCT = YES;
			};
			name = Release;
		};
		E40EC45B1DAA21980032506E /* Debug */ = {
			isa = XCBuildConfiguration;
			buildSettings = {
				ASSETCATALOG_COMPILER_APPICON_NAME = AppIcon;
				ASSETCATALOG_COMPILER_LAUNCHIMAGE_NAME = LaunchImage;
				CLANG_ENABLE_MODULES = YES;
				GCC_PREFIX_HEADER = HXCamouflageCalculator/PrefixHeader.pch;
				INFOPLIST_FILE = HXCamouflageCalculator/Info.plist;
				IPHONEOS_DEPLOYMENT_TARGET = 8.0;
				LD_RUNPATH_SEARCH_PATHS = "$(inherited) @executable_path/Frameworks";
				PRODUCT_BUNDLE_IDENTIFIER = blog.libuqing.com.HXCamouflageCalculator;
				PRODUCT_NAME = "$(TARGET_NAME)";
				SWIFT_OPTIMIZATION_LEVEL = "-Onone";
				SWIFT_VERSION = 3.0;
			};
			name = Debug;
		};
		E40EC45C1DAA21980032506E /* Release */ = {
			isa = XCBuildConfiguration;
			buildSettings = {
				ASSETCATALOG_COMPILER_APPICON_NAME = AppIcon;
				ASSETCATALOG_COMPILER_LAUNCHIMAGE_NAME = LaunchImage;
				CLANG_ENABLE_MODULES = YES;
				GCC_PREFIX_HEADER = HXCamouflageCalculator/PrefixHeader.pch;
				INFOPLIST_FILE = HXCamouflageCalculator/Info.plist;
				IPHONEOS_DEPLOYMENT_TARGET = 8.0;
				LD_RUNPATH_SEARCH_PATHS = "$(inherited) @executable_path/Frameworks";
				PRODUCT_BUNDLE_IDENTIFIER = blog.libuqing.com.HXCamouflageCalculator;
				PRODUCT_NAME = "$(TARGET_NAME)";
				SWIFT_VERSION = 3.0;
			};
			name = Release;
		};
/* End XCBuildConfiguration section */

/* Begin XCConfigurationList section */
		E40EC43E1DAA21980032506E /* Build configuration list for PBXProject "HXCamouflageCalculator" */ = {
			isa = XCConfigurationList;
			buildConfigurations = (
				E40EC4581DAA21980032506E /* Debug */,
				E40EC4591DAA21980032506E /* Release */,
			);
			defaultConfigurationIsVisible = 0;
			defaultConfigurationName = Release;
		};
		E40EC45A1DAA21980032506E /* Build configuration list for PBXNativeTarget "HXCamouflageCalculator" */ = {
			isa = XCConfigurationList;
			buildConfigurations = (
				E40EC45B1DAA21980032506E /* Debug */,
				E40EC45C1DAA21980032506E /* Release */,
			);
			defaultConfigurationIsVisible = 0;
			defaultConfigurationName = Release;
		};
/* End XCConfigurationList section */

/* Begin XCVersionGroup section */
		E4B32CE61DAE21A400DB17DE /* Model.xcdatamodeld */ = {
			isa = XCVersionGroup;
			children = (
				E4B32CE71DAE21A400DB17DE /* Model.xcdatamodel */,
			);
			currentVersion = E4B32CE71DAE21A400DB17DE /* Model.xcdatamodel */;
			path = Model.xcdatamodeld;
			sourceTree = "<group>";
			versionGroupType = wrapper.xcdatamodel;
		};
/* End XCVersionGroup section */
	};
	rootObject = E40EC43B1DAA21980032506E /* Project object */;
}
